dependencies:
  electron-ad-block: 0.3.0
lockfileVersion: 5
packages:
  /@webcatalog/ad-block/3.1.10:
    dependencies:
      nan: 2.13.2
    deprecated: Just for testing
    dev: false
    requiresBuild: true
    resolution:
      integrity: sha512-CqLrMD4ZAwUowaK8qXFXkTtkLmMEe96709QeCvbxyqAioKePguda0/qgYc2BBlP5QFybZlbxtVTucuPW/vEXCg==
  /base64-js/1.3.0:
    dev: false
    resolution:
      integrity: sha512-ccav/yGvoa80BQDljCxsmmQ3Xvx60/UpBIij5QN21W3wBi/hhIC9OoO+KLpu9IJTS9j4DRVJ3aDDF9cMSoa2lw==
  /bl/1.2.2:
    dependencies:
      readable-stream: 2.3.6
      safe-buffer: 5.1.2
    dev: false
    resolution:
      integrity: sha512-e8tQYnZodmebYDWGH7KMRvtzKXaJHx3BbilrgZCfvyLUYdKpK1t5PSPmpkny/SgiTSCnjfLW7v5rlONXVFkQEA==
  /buffer-alloc-unsafe/1.1.0:
    dev: false
    resolution:
      integrity: sha512-TEM2iMIEQdJ2yjPJoSIsldnleVaAk1oW3DBVUykyOLsEsFmEc9kn+SFFPz+gl54KQNxlDnAwCXosOS9Okx2xAg==
  /buffer-alloc/1.2.0:
    dependencies:
      buffer-alloc-unsafe: 1.1.0
      buffer-fill: 1.0.0
    dev: false
    resolution:
      integrity: sha512-CFsHQgjtW1UChdXgbyJGtnm+O/uLQeZdtbDo8mfUgYXCHSM1wgrVxXm6bSyrUuErEb+4sYVGCzASBRot7zyrow==
  /buffer-crc32/0.2.13:
    dev: false
    resolution:
      integrity: sha1-DTM+PwDqxQqhRUq9MO+MKl2ackI=
  /buffer-fill/1.0.0:
    dev: false
    resolution:
      integrity: sha1-+PeLdniYiO858gXNY39o5wISKyw=
  /buffer/5.2.1:
    dependencies:
      base64-js: 1.3.0
      ieee754: 1.1.13
    dev: false
    resolution:
      integrity: sha512-c+Ko0loDaFfuPWiL02ls9Xd3GO3cPVmUobQ6t3rXNUk304u6hGq+8N/kFi+QEIKhzK3uwolVhLzszmfLmMLnqg==
  /caw/2.0.1:
    dependencies:
      get-proxy: 2.1.0
      isurl: 1.0.0
      tunnel-agent: 0.6.0
      url-to-options: 1.0.1
    dev: false
    engines:
      node: '>=4'
    resolution:
      integrity: sha512-Cg8/ZSBEa8ZVY9HspcGUYaK63d/bN7rqS3CYCzEGUxuYv6UlmcjzDUz2fCFFHyTvUW5Pk0I+3hkA3iXlIj6guA==
  /commander/2.8.1:
    dependencies:
      graceful-readlink: 1.0.1
    dev: false
    engines:
      node: '>= 0.6.x'
    resolution:
      integrity: sha1-Br42f+v9oMMwqh4qBy09yXYkJdQ=
  /config-chain/1.1.12:
    dependencies:
      ini: 1.3.5
      proto-list: 1.2.4
    dev: false
    resolution:
      integrity: sha512-a1eOIcu8+7lUInge4Rpf/n4Krkf3Dd9lqhljRzII1/Zno/kRtUWnznPO3jOKBmTEktkt3fkxisUcivoj0ebzoA==
  /content-disposition/0.5.3:
    dependencies:
      safe-buffer: 5.1.2
    dev: false
    engines:
      node: '>= 0.6'
    resolution:
      integrity: sha512-ExO0774ikEObIAEV9kDo50o+79VCUdEB6n6lzKgGwupcVeRlhrj3qGAfwq8G6uBJjkqLrhT0qEYFcWng8z1z0g==
  /core-util-is/1.0.2:
    dev: false
    resolution:
      integrity: sha1-tf1UIgqivFq1eqtxQMlAdUUDwac=
  /decompress-response/3.3.0:
    dependencies:
      mimic-response: 1.0.1
    dev: false
    engines:
      node: '>=4'
    resolution:
      integrity: sha1-gKTdMjdIOEv6JICDYirt7Jgq3/M=
  /decompress-tar/4.1.1:
    dependencies:
      file-type: 5.2.0
      is-stream: 1.1.0
      tar-stream: 1.6.2
    dev: false
    engines:
      node: '>=4'
    resolution:
      integrity: sha512-JdJMaCrGpB5fESVyxwpCx4Jdj2AagLmv3y58Qy4GE6HMVjWz1FeVQk1Ct4Kye7PftcdOo/7U7UKzYBJgqnGeUQ==
  /decompress-tarbz2/4.1.1:
    dependencies:
      decompress-tar: 4.1.1
      file-type: 6.2.0
      is-stream: 1.1.0
      seek-bzip: 1.0.5
      unbzip2-stream: 1.3.3
    dev: false
    engines:
      node: '>=4'
    resolution:
      integrity: sha512-s88xLzf1r81ICXLAVQVzaN6ZmX4A6U4z2nMbOwobxkLoIIfjVMBg7TeguTUXkKeXni795B6y5rnvDw7rxhAq9A==
  /decompress-targz/4.1.1:
    dependencies:
      decompress-tar: 4.1.1
      file-type: 5.2.0
      is-stream: 1.1.0
    dev: false
    engines:
      node: '>=4'
    resolution:
      integrity: sha512-4z81Znfr6chWnRDNfFNqLwPvm4db3WuZkqV+UgXQzSngG3CEKdBkw5jrv3axjjL96glyiiKjsxJG3X6WBZwX3w==
  /decompress-unzip/4.0.1:
    dependencies:
      file-type: 3.9.0
      get-stream: 2.3.1
      pify: 2.3.0
      yauzl: 2.10.0
    dev: false
    engines:
      node: '>=4'
    resolution:
      integrity: sha1-3qrM39FK6vhVePczroIQ+bSEj2k=
  /decompress/4.2.0:
    dependencies:
      decompress-tar: 4.1.1
      decompress-tarbz2: 4.1.1
      decompress-targz: 4.1.1
      decompress-unzip: 4.0.1
      graceful-fs: 4.1.15
      make-dir: 1.3.0
      pify: 2.3.0
      strip-dirs: 2.1.0
    dev: false
    engines:
      node: '>=4'
    resolution:
      integrity: sha1-eu3YVCflqS2s/lVnSnxQXpbQH50=
  /download/6.2.5:
    dependencies:
      caw: 2.0.1
      content-disposition: 0.5.3
      decompress: 4.2.0
      ext-name: 5.0.0
      file-type: 5.2.0
      filenamify: 2.1.0
      get-stream: 3.0.0
      got: 7.1.0
      make-dir: 1.3.0
      p-event: 1.3.0
      pify: 3.0.0
    dev: false
    engines:
      node: '>=4'
    resolution:
      integrity: sha512-DpO9K1sXAST8Cpzb7kmEhogJxymyVUd5qz/vCOSyvwtp2Klj2XcDt5YUuasgxka44SxF0q5RriKIwJmQHG2AuA==
  /duplexer3/0.1.4:
    dev: false
    resolution:
      integrity: sha1-7gHdHKwO08vH/b6jfcCo8c4ALOI=
  /electron-ad-block/0.3.0:
    dependencies:
      '@webcatalog/ad-block': 3.1.10
      download: 6.2.5
    deprecated: I no longer maintain this npm package
    dev: false
    peerDependencies:
      electron: 1.7.x
    requiresBuild: true
    resolution:
      integrity: sha512-bqK915T/kUXu8DCC+Db75pTgDZ8Hr7ok/gUVNn3/f/rtuULfLHDJnEs1GnPZk4+Glg6xjIpz0LRIj6/xV8WHOA==
  /end-of-stream/1.4.1:
    dependencies:
      once: 1.4.0
    dev: false
    resolution:
      integrity: sha512-1MkrZNvWTKCaigbn+W15elq2BB/L22nqrSY5DKlo3X6+vclJm8Bb5djXJBmEX6fS3+zCh/F4VBK5Z2KxJt4s2Q==
  /escape-string-regexp/1.0.5:
    dev: false
    engines:
      node: '>=0.8.0'
    resolution:
      integrity: sha1-G2HAViGQqN/2rjuyzwIAyhMLhtQ=
  /ext-list/2.2.2:
    dependencies:
      mime-db: 1.39.0
    dev: false
    engines:
      node: '>=0.10.0'
    resolution:
      integrity: sha512-u+SQgsubraE6zItfVA0tBuCBhfU9ogSRnsvygI7wht9TS510oLkBRXBsqopeUG/GBOIQyKZO9wjTqIu/sf5zFA==
  /ext-name/5.0.0:
    dependencies:
      ext-list: 2.2.2
      sort-keys-length: 1.0.1
    dev: false
    engines:
      node: '>=4'
    resolution:
      integrity: sha512-yblEwXAbGv1VQDmow7s38W77hzAgJAO50ztBLMcUyUBfxv1HC+LGwtiEN+Co6LtlqT/5uwVOxsD4TNIilWhwdQ==
  /fd-slicer/1.1.0:
    dependencies:
      pend: 1.2.0
    dev: false
    resolution:
      integrity: sha1-JcfInLH5B3+IkbvmHY85Dq4lbx4=
  /file-type/3.9.0:
    dev: false
    engines:
      node: '>=0.10.0'
    resolution:
      integrity: sha1-JXoHg4TR24CHvESdEH1SpSZyuek=
  /file-type/5.2.0:
    dev: false
    engines:
      node: '>=4'
    resolution:
      integrity: sha1-LdvqfHP/42No365J3DOMBYwritY=
  /file-type/6.2.0:
    dev: false
    engines:
      node: '>=4'
    resolution:
      integrity: sha512-YPcTBDV+2Tm0VqjybVd32MHdlEGAtuxS3VAYsumFokDSMG+ROT5wawGlnHDoz7bfMcMDt9hxuXvXwoKUx2fkOg==
  /filename-reserved-regex/2.0.0:
    dev: false
    engines:
      node: '>=4'
    resolution:
      integrity: sha1-q/c9+rc10EVECr/qLZHzieu/oik=
  /filenamify/2.1.0:
    dependencies:
      filename-reserved-regex: 2.0.0
      strip-outer: 1.0.1
      trim-repeated: 1.0.0
    dev: false
    engines:
      node: '>=4'
    resolution:
      integrity: sha512-ICw7NTT6RsDp2rnYKVd8Fu4cr6ITzGy3+u4vUujPkabyaz+03F24NWEX7fs5fp+kBonlaqPH8fAO2NM+SXt/JA==
  /fs-constants/1.0.0:
    dev: false
    resolution:
      integrity: sha512-y6OAwoSIf7FyjMIv94u+b5rdheZEjzR63GTyZJm5qh4Bi+2YgwLCcI/fPFZkL5PSixOt6ZNKm+w+Hfp/Bciwow==
  /get-proxy/2.1.0:
    dependencies:
      npm-conf: 1.1.3
    dev: false
    engines:
      node: '>=4'
    resolution:
      integrity: sha512-zmZIaQTWnNQb4R4fJUEp/FC51eZsc6EkErspy3xtIYStaq8EB/hDIWipxsal+E8rz0qD7f2sL/NA9Xee4RInJw==
  /get-stream/2.3.1:
    dependencies:
      object-assign: 4.1.1
      pinkie-promise: 2.0.1
    dev: false
    engines:
      node: '>=0.10.0'
    resolution:
      integrity: sha1-Xzj5PzRgCWZu4BUKBUFn+Rvdld4=
  /get-stream/3.0.0:
    dev: false
    engines:
      node: '>=4'
    resolution:
      integrity: sha1-jpQ9E1jcN1VQVOy+LtsFqhdO3hQ=
  /got/7.1.0:
    dependencies:
      decompress-response: 3.3.0
      duplexer3: 0.1.4
      get-stream: 3.0.0
      is-plain-obj: 1.1.0
      is-retry-allowed: 1.1.0
      is-stream: 1.1.0
      isurl: 1.0.0
      lowercase-keys: 1.0.1
      p-cancelable: 0.3.0
      p-timeout: 1.2.1
      safe-buffer: 5.1.2
      timed-out: 4.0.1
      url-parse-lax: 1.0.0
      url-to-options: 1.0.1
    dev: false
    engines:
      node: '>=4'
    resolution:
      integrity: sha512-Y5WMo7xKKq1muPsxD+KmrR8DH5auG7fBdDVueZwETwV6VytKyU9OX/ddpq2/1hp1vIPvVb4T81dKQz3BivkNLw==
  /graceful-fs/4.1.15:
    dev: false
    resolution:
      integrity: sha512-6uHUhOPEBgQ24HM+r6b/QwWfZq+yiFcipKFrOFiBEnWdy5sdzYoi+pJeQaPI5qOLRFqWmAXUPQNsielzdLoecA==
  /graceful-readlink/1.0.1:
    dev: false
    resolution:
      integrity: sha1-TK+tdrxi8C+gObL5Tpo906ORpyU=
  /has-symbol-support-x/1.4.2:
    dev: false
    resolution:
      integrity: sha512-3ToOva++HaW+eCpgqZrCfN51IPB+7bJNVT6CUATzueB5Heb8o6Nam0V3HG5dlDvZU1Gn5QLcbahiKw/XVk5JJw==
  /has-to-string-tag-x/1.4.1:
    dependencies:
      has-symbol-support-x: 1.4.2
    dev: false
    resolution:
      integrity: sha512-vdbKfmw+3LoOYVr+mtxHaX5a96+0f3DljYd8JOqvOLsf5mw2Otda2qCDT9qRqLAhrjyQ0h7ual5nOiASpsGNFw==
  /ieee754/1.1.13:
    dev: false
    resolution:
      integrity: sha512-4vf7I2LYV/HaWerSo3XmlMkp5eZ83i+/CDluXi/IGTs/O1sejBNhTtnxzmRZfvOUqj7lZjqHkeTvpgSFDlWZTg==
  /inherits/2.0.3:
    dev: false
    resolution:
      integrity: sha1-Yzwsg+PaQqUC9SRmAiSA9CCCYd4=
  /ini/1.3.5:
    dev: false
    resolution:
      integrity: sha512-RZY5huIKCMRWDUqZlEi72f/lmXKMvuszcMBduliQ3nnWbx9X/ZBQO7DijMEYS9EhHBb2qacRUMtC7svLwe0lcw==
  /is-natural-number/4.0.1:
    dev: false
    resolution:
      integrity: sha1-q5124dtM7VHjXeDHLr7PCfc0zeg=
  /is-object/1.0.1:
    dev: false
    resolution:
      integrity: sha1-iVJojF7C/9awPsyF52ngKQMINHA=
  /is-plain-obj/1.1.0:
    dev: false
    engines:
      node: '>=0.10.0'
    resolution:
      integrity: sha1-caUMhCnfync8kqOQpKA7OfzVHT4=
  /is-retry-allowed/1.1.0:
    dev: false
    engines:
      node: '>=0.10.0'
    resolution:
      integrity: sha1-EaBgVotnM5REAz0BJaYaINVk+zQ=
  /is-stream/1.1.0:
    dev: false
    engines:
      node: '>=0.10.0'
    resolution:
      integrity: sha1-EtSj3U5o4Lec6428hBc66A2RykQ=
  /isarray/1.0.0:
    dev: false
    resolution:
      integrity: sha1-u5NdSFgsuhaMBoNJV6VKPgcSTxE=
  /isurl/1.0.0:
    dependencies:
      has-to-string-tag-x: 1.4.1
      is-object: 1.0.1
    dev: false
    engines:
      node: '>= 4'
    resolution:
      integrity: sha512-1P/yWsxPlDtn7QeRD+ULKQPaIaN6yF368GZ2vDfv0AL0NwpStafjWCDDdn0k8wgFMWpVAqG7oJhxHnlud42i9w==
  /lowercase-keys/1.0.1:
    dev: false
    engines:
      node: '>=0.10.0'
    resolution:
      integrity: sha512-G2Lj61tXDnVFFOi8VZds+SoQjtQC3dgokKdDG2mTm1tx4m50NUHBOZSBwQQHyy0V12A0JTG4icfZQH+xPyh8VA==
  /make-dir/1.3.0:
    dependencies:
      pify: 3.0.0
    dev: false
    engines:
      node: '>=4'
    resolution:
      integrity: sha512-2w31R7SJtieJJnQtGc7RVL2StM2vGYVfqUOvUDxH6bC6aJTxPxTF0GnIgCyu7tjockiUWAYQRbxa7vKn34s5sQ==
  /mime-db/1.39.0:
    dev: false
    engines:
      node: '>= 0.6'
    resolution:
      integrity: sha512-DTsrw/iWVvwHH+9Otxccdyy0Tgiil6TWK/xhfARJZF/QFhwOgZgOIvA2/VIGpM8U7Q8z5nDmdDWC6tuVMJNibw==
  /mimic-response/1.0.1:
    dev: false
    engines:
      node: '>=4'
    resolution:
      integrity: sha512-j5EctnkH7amfV/q5Hgmoal1g2QHFJRraOtmx0JpIqkxhBhI/lJSl1nMpQ45hVarwNETOoWEimndZ4QK0RHxuxQ==
  /nan/2.13.2:
    dev: false
    resolution:
      integrity: sha512-TghvYc72wlMGMVMluVo9WRJc0mB8KxxF/gZ4YYFy7V2ZQX9l7rgbPg7vjS9mt6U5HXODVFVI2bOduCzwOMv/lw==
  /npm-conf/1.1.3:
    dependencies:
      config-chain: 1.1.12
      pify: 3.0.0
    dev: false
    engines:
      node: '>=4'
    resolution:
      integrity: sha512-Yic4bZHJOt9RCFbRP3GgpqhScOY4HH3V2P8yBj6CeYq118Qr+BLXqT2JvpJ00mryLESpgOxf5XlFv4ZjXxLScw==
  /object-assign/4.1.1:
    dev: false
    engines:
      node: '>=0.10.0'
    resolution:
      integrity: sha1-IQmtx5ZYh8/AXLvUQsrIv7s2CGM=
  /once/1.4.0:
    dependencies:
      wrappy: 1.0.2
    dev: false
    resolution:
      integrity: sha1-WDsap3WWHUsROsF9nFC6753Xa9E=
  /p-cancelable/0.3.0:
    dev: false
    engines:
      node: '>=4'
    resolution:
      integrity: sha512-RVbZPLso8+jFeq1MfNvgXtCRED2raz/dKpacfTNxsx6pLEpEomM7gah6VeHSYV3+vo0OAi4MkArtQcWWXuQoyw==
  /p-event/1.3.0:
    dependencies:
      p-timeout: 1.2.1
    dev: false
    engines:
      node: '>=4'
    resolution:
      integrity: sha1-jmtPT2XHK8W2/ii3XtqHT5akoIU=
  /p-finally/1.0.0:
    dev: false
    engines:
      node: '>=4'
    resolution:
      integrity: sha1-P7z7FbiZpEEjs0ttzBi3JDNqLK4=
  /p-timeout/1.2.1:
    dependencies:
      p-finally: 1.0.0
    dev: false
    engines:
      node: '>=4'
    resolution:
      integrity: sha1-XrOzU7f86Z8QGhA4iAuwVOu+o4Y=
  /pend/1.2.0:
    dev: false
    resolution:
      integrity: sha1-elfrVQpng/kRUzH89GY9XI4AelA=
  /pify/2.3.0:
    dev: false
    engines:
      node: '>=0.10.0'
    resolution:
      integrity: sha1-7RQaasBDqEnqWISY59yosVMw6Qw=
  /pify/3.0.0:
    dev: false
    engines:
      node: '>=4'
    resolution:
      integrity: sha1-5aSs0sEB/fPZpNB/DbxNtJ3SgXY=
  /pinkie-promise/2.0.1:
    dependencies:
      pinkie: 2.0.4
    dev: false
    engines:
      node: '>=0.10.0'
    resolution:
      integrity: sha1-ITXW36ejWMBprJsXh3YogihFD/o=
  /pinkie/2.0.4:
    dev: false
    engines:
      node: '>=0.10.0'
    resolution:
      integrity: sha1-clVrgM+g1IqXToDnckjoDtT3+HA=
  /prepend-http/1.0.4:
    dev: false
    engines:
      node: '>=0.10.0'
    resolution:
      integrity: sha1-1PRWKwzjaW5BrFLQ4ALlemNdxtw=
  /process-nextick-args/2.0.0:
    dev: false
    resolution:
      integrity: sha512-MtEC1TqN0EU5nephaJ4rAtThHtC86dNN9qCuEhtshvpVBkAW5ZO7BASN9REnF9eoXGcRub+pFuKEpOHE+HbEMw==
  /proto-list/1.2.4:
    dev: false
    resolution:
      integrity: sha1-IS1b/hMYMGpCD2QCuOJv85ZHqEk=
  /readable-stream/2.3.6:
    dependencies:
      core-util-is: 1.0.2
      inherits: 2.0.3
      isarray: 1.0.0
      process-nextick-args: 2.0.0
      safe-buffer: 5.1.2
      string_decoder: 1.1.1
      util-deprecate: 1.0.2
    dev: false
    resolution:
      integrity: sha512-tQtKA9WIAhBF3+VLAseyMqZeBjW0AHJoxOtYqSUZNJxauErmLbVm2FW1y+J/YA9dUrAC39ITejlZWhVIwawkKw==
  /safe-buffer/5.1.2:
    dev: false
    resolution:
      integrity: sha512-Gd2UZBJDkXlY7GbJxfsE8/nvKkUEU1G38c1siN6QP6a9PT9MmHB8GnpscSmMJSoF8LOIrt8ud/wPtojys4G6+g==
  /seek-bzip/1.0.5:
    dependencies:
      commander: 2.8.1
    dev: false
    hasBin: true
    resolution:
      integrity: sha1-z+kXyz0nS8/6x5J1ivUxc+sfq9w=
  /sort-keys-length/1.0.1:
    dependencies:
      sort-keys: 1.1.2
    dev: false
    engines:
      node: '>=0.10.0'
    resolution:
      integrity: sha1-nLb09OnkgVWmqgZx7dM2/xR5oYg=
  /sort-keys/1.1.2:
    dependencies:
      is-plain-obj: 1.1.0
    dev: false
    engines:
      node: '>=0.10.0'
    resolution:
      integrity: sha1-RBttTTRnmPG05J6JIK37oOVD+a0=
  /string_decoder/1.1.1:
    dependencies:
      safe-buffer: 5.1.2
    dev: false
    resolution:
      integrity: sha512-n/ShnvDi6FHbbVfviro+WojiFzv+s8MPMHBczVePfUpDJLwoLT0ht1l4YwBCbi8pJAveEEdnkHyPyTP/mzRfwg==
  /strip-dirs/2.1.0:
    dependencies:
      is-natural-number: 4.0.1
    dev: false
    resolution:
      integrity: sha512-JOCxOeKLm2CAS73y/U4ZeZPTkE+gNVCzKt7Eox84Iej1LT/2pTWYpZKJuxwQpvX1LiZb1xokNR7RLfuBAa7T3g==
  /strip-outer/1.0.1:
    dependencies:
      escape-string-regexp: 1.0.5
    dev: false
    engines:
      node: '>=0.10.0'
    resolution:
      integrity: sha512-k55yxKHwaXnpYGsOzg4Vl8+tDrWylxDEpknGjhTiZB8dFRU5rTo9CAzeycivxV3s+zlTKwrs6WxMxR95n26kwg==
  /tar-stream/1.6.2:
    dependencies:
      bl: 1.2.2
      buffer-alloc: 1.2.0
      end-of-stream: 1.4.1
      fs-constants: 1.0.0
      readable-stream: 2.3.6
      to-buffer: 1.1.1
      xtend: 4.0.1
    dev: false
    engines:
      node: '>= 0.8.0'
    resolution:
      integrity: sha512-rzS0heiNf8Xn7/mpdSVVSMAWAoy9bfb1WOTYC78Z0UQKeKa/CWS8FOq0lKGNa8DWKAn9gxjCvMLYc5PGXYlK2A==
  /through/2.3.8:
    dev: false
    resolution:
      integrity: sha1-DdTJ/6q8NXlgsbckEV1+Doai4fU=
  /timed-out/4.0.1:
    dev: false
    engines:
      node: '>=0.10.0'
    resolution:
      integrity: sha1-8y6srFoXW+ol1/q1Zas+2HQe9W8=
  /to-buffer/1.1.1:
    dev: false
    resolution:
      integrity: sha512-lx9B5iv7msuFYE3dytT+KE5tap+rNYw+K4jVkb9R/asAb+pbBSM17jtunHplhBe6RRJdZx3Pn2Jph24O32mOVg==
  /trim-repeated/1.0.0:
    dependencies:
      escape-string-regexp: 1.0.5
    dev: false
    engines:
      node: '>=0.10.0'
    resolution:
      integrity: sha1-42RqLqTokTEr9+rObPsFOAvAHCE=
  /tunnel-agent/0.6.0:
    dependencies:
      safe-buffer: 5.1.2
    dev: false
    resolution:
      integrity: sha1-J6XeoGs2sEoKmWZ3SykIaPD8QP0=
  /unbzip2-stream/1.3.3:
    dependencies:
      buffer: 5.2.1
      through: 2.3.8
    dev: false
    resolution:
      integrity: sha512-fUlAF7U9Ah1Q6EieQ4x4zLNejrRvDWUYmxXUpN3uziFYCHapjWFaCAnreY9bGgxzaMCFAPPpYNng57CypwJVhg==
  /url-parse-lax/1.0.0:
    dependencies:
      prepend-http: 1.0.4
    dev: false
    engines:
      node: '>=0.10.0'
    resolution:
      integrity: sha1-evjzA2Rem9eaJy56FKxovAYJ2nM=
  /url-to-options/1.0.1:
    dev: false
    engines:
      node: '>= 4'
    resolution:
      integrity: sha1-FQWgOiiaSMvXpDTvuu7FBV9WM6k=
  /util-deprecate/1.0.2:
    dev: false
    resolution:
      integrity: sha1-RQ1Nyfpw3nMnYvvS1KKJgUGaDM8=
  /wrappy/1.0.2:
    dev: false
    resolution:
      integrity: sha1-tSQ9jz7BqjXxNkYFvA0QNuMKtp8=
  /xtend/4.0.1:
    dev: false
    engines:
      node: '>=0.4'
    resolution:
      integrity: sha1-pcbVMr5lbiPbgg77lDofBJmNY68=
  /yauzl/2.10.0:
    dependencies:
      buffer-crc32: 0.2.13
      fd-slicer: 1.1.0
    dev: false
    resolution:
      integrity: sha1-x+sXyT4RLLEIb6bY5R+wZnt5pfk=
specifiers:
  electron-ad-block: ^0.3.0
